{
  "version": 4,
  "terraform_version": "1.3.2",
  "serial": 461,
  "lineage": "c8b58c6a-6fec-4a25-dc25-aa5d252df225",
  "outputs": {
    "public_vm_ip_addresses": {
      "value": [
        "52.152.148.224",
        "20.228.136.166",
        "52.152.148.180"
      ],
      "type": [
        "tuple",
        [
          "string",
          "string",
          "string"
        ]
      ]
    },
    "resource_group_name": {
      "value": "rg-relieved-pika",
      "type": "string"
    },
    "ssh_key": {
      "value": "-----BEGIN RSA PRIVATE KEY-----\nMIIJKQIBAAKCAgEAyUTHsKkAD0xWkBIKhN39Hj7+0N00qJ2AuAi6Q5XmGP0+4Zy6\nBKWxAQTLzPvFE6Q+PdIZVyvmdbIZe9ocYEO45S0uAVj9whdarO9BSMbhiklEm+sa\nZ9VaHUyZf+GSyjvpmt7g52fDLrVdm5zECKH6nabpxAluCN1kK6FHXvL0m3MhUYD+\nO4dY3m077xAigqIS+fXLLCafpDORZK2llN//ixmfeGggoreBno72wFn0G/qTPV+8\n4Ouw8QqPee9g3De3qcHLyGFZFvAC1j1Vu+O9uTRAUV67QNVAm0iOflHyE4VPsK1n\nP0O8MbXJEHeQZpxrEeVc+Yx5F02Gvtb/BhgIO+lzTppnBIVcOU1GkY/lORks4fCl\nQM3FwzoD2IG8Y2UkYx8TdjV8hIuxQbzfK83NidX+j26GjcbzZZUWyTjGGZKlSOfM\n3eXbFYRiE3DDHzGKSKaD9hz+Os5hELxADjSiP9WOr8Y8h6a0B1y1eieiazIyouP6\n8DIkxIluRrIFljumM2w15P+ATqR/B3ya+Ur5zoqpl17mdpfxwVZQC+JlJC5+JYnn\nyWwaGnj5O57xEbcQSZLqYOSl7Quaj7BWkDWwUu89NQfdbVjb5xiWG/XC7qGlNj7R\npqb/0Tw6in2euxsdwVmxmUuDH/tn0YSksmKCOM0Pv3zeq3lovNMbHkTltn0CAwEA\nAQKCAgA4u1tyT2DF7yWjPIKcixoy8VzQMNoMAUFsHoGqVVFjj9aur4e7kZzABcMQ\nh5M4gx5MPLGJ4cT3Pfly8Lr44331k3OZS6VTlVOo1VPYmL6wRRDCxlVOGVRqV9IY\nutOuj468acCJWbUpsFOvblPPfyDuWUMhT+slMopuxeohOGh8fMpSeAKxcug44h93\ntluT6O1iaccYLdbn6OU9tLisqysT4WgS/37bftBZikDBXVmynUHtldPernDUsL5a\nh4AM8uOhRRAU7mO3VHXoP6ev63TqBHFwvjwX/URVwPDxaFXM7NHWojotGgGtHWmM\na7dXRRXlGHrJmK/1QpQNrPp7lECVajjEtuRtogPkHVGqqovgIzFSNZTydsu8IVGt\nigyMiyY2sdBcsJXV950pH62Loieev5k87kMd9WjPqGzdh6kVlKRlh/3LYv+1Hdoe\nL6cmI9qgVR+gkSL+TiQUU0/pHgf8iMpIRSTYpLdUU3S427GOBnRuENxVrrZYLDqB\nusOVMZmN2LydC9/LajLF7ut0W39eDTRnKOsZUy9TGDdoUlwN9rGokhzXx3NixekW\nUQVpLLu3MoJoF7yJL8LQX2doCH/rb7D37SDYp/8gORJqhaFGxS8Y9OIENyAi2wU2\nMmbwV2Y20ycR/4pkmurnfP+IBQeo3QR1j4jKZ9WB1Z987wLhvQKCAQEA0CKIpdBZ\nLjbXLRazHGZ922NR1sdhMWRarcXiJ9lSDQcHPztY9DAJPUSIToxbI4S6f/wRn1qj\ngbj+vuZYxK15mqMrIk0u4rNURKjKCrHRlB7Giv7x1NjjbBWVTPE5YX0qF5Rfsvma\nbm65f5F4PVcH0mbPHqm2LIqnOuPj42gGe2S4AKGJat8YrhBGil3tEUJnlDYRANVV\nXxE65TlbZuzWn93yEtddnqItsMRzkNIQFRV9Pv3IzT2CyZYUTm7y8T6Bu8E6KL5A\n+yglP7ah8HQU4EcDY3j6ZU31ZJQlMFrq7QKwQut0zMuhDeImDH5ZEAaXFCqxIxrp\nI5nm8OmO5QN5awKCAQEA944DT00sNtl3j62adeYaY8659Cgf1SsHxrY9B/FqnzzV\nLHNml7ll/IWTUtHgF+XvGHrpIg5TOV5q+hog34sIoPA5HzYbHzdwy4xi1NgkPBWL\nSPXzS4wUMr4U9n11MOvCmMkIXiKLFUQAO+M3eIqyGgrRmtnDOtuxQusIXZlAk814\nVvdZUKFjDo6R6o5EGhGDeYO4SykyptTvmmR+tRYn2lLiG4ot9r/U0T5ar5JC3FLa\nbqXlUghaH3uzdodSi8XP0hkbpQETmpVrO0UsOI7T5p7KBVYw4FZFZacSXd1u8n6X\nnjJJ7laK88r0WalrEQyzDJ7mBhW3byC6NQvmZXGBtwKCAQEAm+iCe9LqOtgRr1DF\nsoyD0oc/kqefgqQt2OXWVwtPjzqojxEhvSkOgrqHcG9rBdwy6BQmDzySJmYxTUa3\nT/yyjseTVAqFCIRUp2nYjtJMr6uuBgibllkxYpF4WT6JQSHFGgym8yZOLFL82TZa\n33gF//HLTKjMMelbA54Z4wrVcDEuNCrNCSU9E4ZVkOhy4O7hMACgFAO6A5CgkXy5\nnwviabaT0tFI67+IglVmTCFOsrx6KWlptXRSODcX1vj9OwEbpU1FB6gcfQbBgEyK\nWdhamvYW77h7uM8A9uqSQPqZ6BiPeFFwGMigSAoTfmBWzs5g9VZVgnpyEZ0DhYsu\n4xYLKQKCAQEAzOW6T5Tsl6l/kGh8hEEkbp/YwgHD90hac1q7QSvMuGg9eUE7FTHa\n/BwDSHV2KdGjCHwTIqEAuWcw3DlsJBqL1cl/PhomcLwOnCtiUhFkTGb4ljccXNdg\nkG9MIojMyuUYeCVMy72DqOJT3z292APUTkHOI4FCWiEkouKuVepWzP8wL6sjPd2W\ng6H1nFKMg5cjXxxrGarLxdJRT1UGmxPvgIFBrNG+IZG9sEMQBGnm9T2Oli6xlChd\nj9lvPRfcdtwPmzI082nks/ogezpR065ELYoYZDpm0ggWAIE8bnytLAEjtUiicKco\n84h0nxHfEImWWUfb1AV9gnlwJh/nXueIGQKCAQByn8v6xtn8fNtXIGoYGkoGRszI\n95cr6qS3Fac2S7kF3P1jk/Cd2JrAYzv/zmBZyJAaM1WIUQF5x60YUgmdbWcjWPZr\nq5PIzeP19geJT+NUdLjcszIimaj3EtufBzUyKq/faCw/mYrjMxGuxCEDEDQD2IF6\n5TJxLzqWgLJSEyklgsRqPSxvFkBSPDeVcTAPbU/mURWoPP4b0rRvpqtkiwVo5HTm\nCLNsI9jV2Srbju3b1cK+iP/z/y2+dGF8U3+Ms3DwkKn274DbJaaTTmaOcPkEpaHG\nv5BfksUSCr0AOxp/1xu4WlQeTdmnMU3fcAHnDVyON3spaUlisVkAYxzDi1iI\n-----END RSA PRIVATE KEY-----\n",
      "type": "string",
      "sensitive": true
    },
    "tls_private_key": {
      "value": "-----BEGIN RSA PRIVATE KEY-----\nMIIJKQIBAAKCAgEAyUTHsKkAD0xWkBIKhN39Hj7+0N00qJ2AuAi6Q5XmGP0+4Zy6\nBKWxAQTLzPvFE6Q+PdIZVyvmdbIZe9ocYEO45S0uAVj9whdarO9BSMbhiklEm+sa\nZ9VaHUyZf+GSyjvpmt7g52fDLrVdm5zECKH6nabpxAluCN1kK6FHXvL0m3MhUYD+\nO4dY3m077xAigqIS+fXLLCafpDORZK2llN//ixmfeGggoreBno72wFn0G/qTPV+8\n4Ouw8QqPee9g3De3qcHLyGFZFvAC1j1Vu+O9uTRAUV67QNVAm0iOflHyE4VPsK1n\nP0O8MbXJEHeQZpxrEeVc+Yx5F02Gvtb/BhgIO+lzTppnBIVcOU1GkY/lORks4fCl\nQM3FwzoD2IG8Y2UkYx8TdjV8hIuxQbzfK83NidX+j26GjcbzZZUWyTjGGZKlSOfM\n3eXbFYRiE3DDHzGKSKaD9hz+Os5hELxADjSiP9WOr8Y8h6a0B1y1eieiazIyouP6\n8DIkxIluRrIFljumM2w15P+ATqR/B3ya+Ur5zoqpl17mdpfxwVZQC+JlJC5+JYnn\nyWwaGnj5O57xEbcQSZLqYOSl7Quaj7BWkDWwUu89NQfdbVjb5xiWG/XC7qGlNj7R\npqb/0Tw6in2euxsdwVmxmUuDH/tn0YSksmKCOM0Pv3zeq3lovNMbHkTltn0CAwEA\nAQKCAgA4u1tyT2DF7yWjPIKcixoy8VzQMNoMAUFsHoGqVVFjj9aur4e7kZzABcMQ\nh5M4gx5MPLGJ4cT3Pfly8Lr44331k3OZS6VTlVOo1VPYmL6wRRDCxlVOGVRqV9IY\nutOuj468acCJWbUpsFOvblPPfyDuWUMhT+slMopuxeohOGh8fMpSeAKxcug44h93\ntluT6O1iaccYLdbn6OU9tLisqysT4WgS/37bftBZikDBXVmynUHtldPernDUsL5a\nh4AM8uOhRRAU7mO3VHXoP6ev63TqBHFwvjwX/URVwPDxaFXM7NHWojotGgGtHWmM\na7dXRRXlGHrJmK/1QpQNrPp7lECVajjEtuRtogPkHVGqqovgIzFSNZTydsu8IVGt\nigyMiyY2sdBcsJXV950pH62Loieev5k87kMd9WjPqGzdh6kVlKRlh/3LYv+1Hdoe\nL6cmI9qgVR+gkSL+TiQUU0/pHgf8iMpIRSTYpLdUU3S427GOBnRuENxVrrZYLDqB\nusOVMZmN2LydC9/LajLF7ut0W39eDTRnKOsZUy9TGDdoUlwN9rGokhzXx3NixekW\nUQVpLLu3MoJoF7yJL8LQX2doCH/rb7D37SDYp/8gORJqhaFGxS8Y9OIENyAi2wU2\nMmbwV2Y20ycR/4pkmurnfP+IBQeo3QR1j4jKZ9WB1Z987wLhvQKCAQEA0CKIpdBZ\nLjbXLRazHGZ922NR1sdhMWRarcXiJ9lSDQcHPztY9DAJPUSIToxbI4S6f/wRn1qj\ngbj+vuZYxK15mqMrIk0u4rNURKjKCrHRlB7Giv7x1NjjbBWVTPE5YX0qF5Rfsvma\nbm65f5F4PVcH0mbPHqm2LIqnOuPj42gGe2S4AKGJat8YrhBGil3tEUJnlDYRANVV\nXxE65TlbZuzWn93yEtddnqItsMRzkNIQFRV9Pv3IzT2CyZYUTm7y8T6Bu8E6KL5A\n+yglP7ah8HQU4EcDY3j6ZU31ZJQlMFrq7QKwQut0zMuhDeImDH5ZEAaXFCqxIxrp\nI5nm8OmO5QN5awKCAQEA944DT00sNtl3j62adeYaY8659Cgf1SsHxrY9B/FqnzzV\nLHNml7ll/IWTUtHgF+XvGHrpIg5TOV5q+hog34sIoPA5HzYbHzdwy4xi1NgkPBWL\nSPXzS4wUMr4U9n11MOvCmMkIXiKLFUQAO+M3eIqyGgrRmtnDOtuxQusIXZlAk814\nVvdZUKFjDo6R6o5EGhGDeYO4SykyptTvmmR+tRYn2lLiG4ot9r/U0T5ar5JC3FLa\nbqXlUghaH3uzdodSi8XP0hkbpQETmpVrO0UsOI7T5p7KBVYw4FZFZacSXd1u8n6X\nnjJJ7laK88r0WalrEQyzDJ7mBhW3byC6NQvmZXGBtwKCAQEAm+iCe9LqOtgRr1DF\nsoyD0oc/kqefgqQt2OXWVwtPjzqojxEhvSkOgrqHcG9rBdwy6BQmDzySJmYxTUa3\nT/yyjseTVAqFCIRUp2nYjtJMr6uuBgibllkxYpF4WT6JQSHFGgym8yZOLFL82TZa\n33gF//HLTKjMMelbA54Z4wrVcDEuNCrNCSU9E4ZVkOhy4O7hMACgFAO6A5CgkXy5\nnwviabaT0tFI67+IglVmTCFOsrx6KWlptXRSODcX1vj9OwEbpU1FB6gcfQbBgEyK\nWdhamvYW77h7uM8A9uqSQPqZ6BiPeFFwGMigSAoTfmBWzs5g9VZVgnpyEZ0DhYsu\n4xYLKQKCAQEAzOW6T5Tsl6l/kGh8hEEkbp/YwgHD90hac1q7QSvMuGg9eUE7FTHa\n/BwDSHV2KdGjCHwTIqEAuWcw3DlsJBqL1cl/PhomcLwOnCtiUhFkTGb4ljccXNdg\nkG9MIojMyuUYeCVMy72DqOJT3z292APUTkHOI4FCWiEkouKuVepWzP8wL6sjPd2W\ng6H1nFKMg5cjXxxrGarLxdJRT1UGmxPvgIFBrNG+IZG9sEMQBGnm9T2Oli6xlChd\nj9lvPRfcdtwPmzI082nks/ogezpR065ELYoYZDpm0ggWAIE8bnytLAEjtUiicKco\n84h0nxHfEImWWUfb1AV9gnlwJh/nXueIGQKCAQByn8v6xtn8fNtXIGoYGkoGRszI\n95cr6qS3Fac2S7kF3P1jk/Cd2JrAYzv/zmBZyJAaM1WIUQF5x60YUgmdbWcjWPZr\nq5PIzeP19geJT+NUdLjcszIimaj3EtufBzUyKq/faCw/mYrjMxGuxCEDEDQD2IF6\n5TJxLzqWgLJSEyklgsRqPSxvFkBSPDeVcTAPbU/mURWoPP4b0rRvpqtkiwVo5HTm\nCLNsI9jV2Srbju3b1cK+iP/z/y2+dGF8U3+Ms3DwkKn274DbJaaTTmaOcPkEpaHG\nv5BfksUSCr0AOxp/1xu4WlQeTdmnMU3fcAHnDVyON3spaUlisVkAYxzDi1iI\n-----END RSA PRIVATE KEY-----\n",
      "type": "string",
      "sensitive": true
    }
  },
  "resources": [
    {
      "mode": "managed",
      "type": "azurerm_linux_virtual_machine",
      "name": "my_ubuntu_vm",
      "provider": "provider[\"registry.terraform.io/hashicorp/azurerm\"]",
      "instances": [
        {
          "index_key": 0,
          "schema_version": 0,
          "attributes": {
            "additional_capabilities": [],
            "admin_password": null,
            "admin_ssh_key": [
              {
                "public_key": "ssh-rsa AAAAB3NzaC1yc2EAAAADAQABAAACAQDJRMewqQAPTFaQEgqE3f0ePv7Q3TSonYC4CLpDleYY/T7hnLoEpbEBBMvM+8UTpD490hlXK+Z1shl72hxgQ7jlLS4BWP3CF1qs70FIxuGKSUSb6xpn1VodTJl/4ZLKO+ma3uDnZ8MutV2bnMQIofqdpunECW4I3WQroUde8vSbcyFRgP47h1jebTvvECKCohL59cssJp+kM5FkraWU3/+LGZ94aCCit4GejvbAWfQb+pM9X7zg67DxCo9572DcN7epwcvIYVkW8ALWPVW74725NEBRXrtA1UCbSI5+UfIThU+wrWc/Q7wxtckQd5BmnGsR5Vz5jHkXTYa+1v8GGAg76XNOmmcEhVw5TUaRj+U5GSzh8KVAzcXDOgPYgbxjZSRjHxN2NXyEi7FBvN8rzc2J1f6PboaNxvNllRbJOMYZkqVI58zd5dsVhGITcMMfMYpIpoP2HP46zmEQvEAONKI/1Y6vxjyHprQHXLV6J6JrMjKi4/rwMiTEiW5GsgWWO6YzbDXk/4BOpH8HfJr5SvnOiqmXXuZ2l/HBVlAL4mUkLn4liefJbBoaePk7nvERtxBJkupg5KXtC5qPsFaQNbBS7z01B91tWNvnGJYb9cLuoaU2PtGmpv/RPDqKfZ67Gx3BWbGZS4Mf+2fRhKSyYoI4zQ+/fN6reWi80xseROW2fQ==\n",
                "username": "azureuser"
              }
            ],
            "admin_username": "azureuser",
            "allow_extension_operations": true,
            "availability_set_id": "",
            "boot_diagnostics": [],
            "computer_name": "myvm0",
            "custom_data": null,
            "dedicated_host_group_id": "",
            "dedicated_host_id": "",
            "disable_password_authentication": true,
            "encryption_at_host_enabled": false,
            "eviction_policy": "",
            "extensions_time_budget": "PT1H30M",
            "id": "/subscriptions/6ee542a8-0314-472f-a628-625cfbfcc778/resourceGroups/rg-relieved-pika/providers/Microsoft.Compute/virtualMachines/myUbuntuVM0",
            "identity": [],
            "license_type": "",
            "location": "eastus",
            "max_bid_price": -1,
            "name": "myUbuntuVM0",
            "network_interface_ids": [
              "/subscriptions/6ee542a8-0314-472f-a628-625cfbfcc778/resourceGroups/rg-relieved-pika/providers/Microsoft.Network/networkInterfaces/myNIC0"
            ],
            "os_disk": [
              {
                "caching": "ReadWrite",
                "diff_disk_settings": [],
                "disk_encryption_set_id": "",
                "disk_size_gb": 30,
                "name": "myHardDisk0",
                "storage_account_type": "Premium_LRS",
                "write_accelerator_enabled": false
              }
            ],
            "patch_mode": "ImageDefault",
            "plan": [],
            "platform_fault_domain": -1,
            "priority": "Regular",
            "private_ip_address": "10.0.1.6",
            "private_ip_addresses": [
              "10.0.1.6"
            ],
            "provision_vm_agent": true,
            "proximity_placement_group_id": "",
            "public_ip_address": "52.152.148.224",
            "public_ip_addresses": [
              "52.152.148.224"
            ],
            "resource_group_name": "rg-relieved-pika",
            "secret": [],
            "secure_boot_enabled": false,
            "size": "Standard_DS1_v2",
            "source_image_id": "",
            "source_image_reference": [
              {
                "offer": "UbuntuServer",
                "publisher": "Canonical",
                "sku": "18.04-LTS",
                "version": "latest"
              }
            ],
            "tags": {},
            "timeouts": null,
            "user_data": "",
            "virtual_machine_id": "a8cbc1fc-38dc-4814-aaaf-83624e53dc55",
            "virtual_machine_scale_set_id": "",
            "vtpm_enabled": false,
            "zone": ""
          },
          "sensitive_attributes": [],
          "private": "eyJlMmJmYjczMC1lY2FhLTExZTYtOGY4OC0zNDM2M2JjN2M0YzAiOnsiY3JlYXRlIjoyNzAwMDAwMDAwMDAwLCJkZWxldGUiOjI3MDAwMDAwMDAwMDAsInJlYWQiOjMwMDAwMDAwMDAwMCwidXBkYXRlIjoyNzAwMDAwMDAwMDAwfX0=",
          "dependencies": [
            "azurerm_network_interface.my_nic",
            "azurerm_network_interface_security_group_association.nic_ngs_connector",
            "azurerm_network_security_group.my-nsg",
            "azurerm_public_ip.my_public_ip",
            "azurerm_resource_group.rg",
            "azurerm_subnet.my_subnet",
            "azurerm_virtual_network.my_virtual_network",
            "random_pet.rg_name",
            "tls_private_key.my_ssh_key"
          ]
        },
        {
          "index_key": 1,
          "schema_version": 0,
          "attributes": {
            "additional_capabilities": [],
            "admin_password": null,
            "admin_ssh_key": [
              {
                "public_key": "ssh-rsa AAAAB3NzaC1yc2EAAAADAQABAAACAQDJRMewqQAPTFaQEgqE3f0ePv7Q3TSonYC4CLpDleYY/T7hnLoEpbEBBMvM+8UTpD490hlXK+Z1shl72hxgQ7jlLS4BWP3CF1qs70FIxuGKSUSb6xpn1VodTJl/4ZLKO+ma3uDnZ8MutV2bnMQIofqdpunECW4I3WQroUde8vSbcyFRgP47h1jebTvvECKCohL59cssJp+kM5FkraWU3/+LGZ94aCCit4GejvbAWfQb+pM9X7zg67DxCo9572DcN7epwcvIYVkW8ALWPVW74725NEBRXrtA1UCbSI5+UfIThU+wrWc/Q7wxtckQd5BmnGsR5Vz5jHkXTYa+1v8GGAg76XNOmmcEhVw5TUaRj+U5GSzh8KVAzcXDOgPYgbxjZSRjHxN2NXyEi7FBvN8rzc2J1f6PboaNxvNllRbJOMYZkqVI58zd5dsVhGITcMMfMYpIpoP2HP46zmEQvEAONKI/1Y6vxjyHprQHXLV6J6JrMjKi4/rwMiTEiW5GsgWWO6YzbDXk/4BOpH8HfJr5SvnOiqmXXuZ2l/HBVlAL4mUkLn4liefJbBoaePk7nvERtxBJkupg5KXtC5qPsFaQNbBS7z01B91tWNvnGJYb9cLuoaU2PtGmpv/RPDqKfZ67Gx3BWbGZS4Mf+2fRhKSyYoI4zQ+/fN6reWi80xseROW2fQ==\n",
                "username": "azureuser"
              }
            ],
            "admin_username": "azureuser",
            "allow_extension_operations": true,
            "availability_set_id": "",
            "boot_diagnostics": [],
            "computer_name": "myvm1",
            "custom_data": null,
            "dedicated_host_group_id": "",
            "dedicated_host_id": "",
            "disable_password_authentication": true,
            "encryption_at_host_enabled": false,
            "eviction_policy": "",
            "extensions_time_budget": "PT1H30M",
            "id": "/subscriptions/6ee542a8-0314-472f-a628-625cfbfcc778/resourceGroups/rg-relieved-pika/providers/Microsoft.Compute/virtualMachines/myUbuntuVM1",
            "identity": [],
            "license_type": "",
            "location": "eastus",
            "max_bid_price": -1,
            "name": "myUbuntuVM1",
            "network_interface_ids": [
              "/subscriptions/6ee542a8-0314-472f-a628-625cfbfcc778/resourceGroups/rg-relieved-pika/providers/Microsoft.Network/networkInterfaces/myNIC1"
            ],
            "os_disk": [
              {
                "caching": "ReadWrite",
                "diff_disk_settings": [],
                "disk_encryption_set_id": "",
                "disk_size_gb": 30,
                "name": "myHardDisk1",
                "storage_account_type": "Premium_LRS",
                "write_accelerator_enabled": false
              }
            ],
            "patch_mode": "ImageDefault",
            "plan": [],
            "platform_fault_domain": -1,
            "priority": "Regular",
            "private_ip_address": "10.0.1.5",
            "private_ip_addresses": [
              "10.0.1.5"
            ],
            "provision_vm_agent": true,
            "proximity_placement_group_id": "",
            "public_ip_address": "20.228.136.166",
            "public_ip_addresses": [
              "20.228.136.166"
            ],
            "resource_group_name": "rg-relieved-pika",
            "secret": [],
            "secure_boot_enabled": false,
            "size": "Standard_DS1_v2",
            "source_image_id": "",
            "source_image_reference": [
              {
                "offer": "UbuntuServer",
                "publisher": "Canonical",
                "sku": "18.04-LTS",
                "version": "latest"
              }
            ],
            "tags": {},
            "timeouts": null,
            "user_data": "",
            "virtual_machine_id": "a20372e6-264a-49b1-ab99-6e02550932a4",
            "virtual_machine_scale_set_id": "",
            "vtpm_enabled": false,
            "zone": ""
          },
          "sensitive_attributes": [],
          "private": "eyJlMmJmYjczMC1lY2FhLTExZTYtOGY4OC0zNDM2M2JjN2M0YzAiOnsiY3JlYXRlIjoyNzAwMDAwMDAwMDAwLCJkZWxldGUiOjI3MDAwMDAwMDAwMDAsInJlYWQiOjMwMDAwMDAwMDAwMCwidXBkYXRlIjoyNzAwMDAwMDAwMDAwfX0=",
          "dependencies": [
            "azurerm_network_interface.my_nic",
            "azurerm_network_interface_security_group_association.nic_ngs_connector",
            "azurerm_network_security_group.my-nsg",
            "azurerm_public_ip.my_public_ip",
            "azurerm_resource_group.rg",
            "azurerm_subnet.my_subnet",
            "azurerm_virtual_network.my_virtual_network",
            "random_pet.rg_name",
            "tls_private_key.my_ssh_key"
          ]
        },
        {
          "index_key": 2,
          "schema_version": 0,
          "attributes": {
            "additional_capabilities": [],
            "admin_password": null,
            "admin_ssh_key": [
              {
                "public_key": "ssh-rsa AAAAB3NzaC1yc2EAAAADAQABAAACAQDJRMewqQAPTFaQEgqE3f0ePv7Q3TSonYC4CLpDleYY/T7hnLoEpbEBBMvM+8UTpD490hlXK+Z1shl72hxgQ7jlLS4BWP3CF1qs70FIxuGKSUSb6xpn1VodTJl/4ZLKO+ma3uDnZ8MutV2bnMQIofqdpunECW4I3WQroUde8vSbcyFRgP47h1jebTvvECKCohL59cssJp+kM5FkraWU3/+LGZ94aCCit4GejvbAWfQb+pM9X7zg67DxCo9572DcN7epwcvIYVkW8ALWPVW74725NEBRXrtA1UCbSI5+UfIThU+wrWc/Q7wxtckQd5BmnGsR5Vz5jHkXTYa+1v8GGAg76XNOmmcEhVw5TUaRj+U5GSzh8KVAzcXDOgPYgbxjZSRjHxN2NXyEi7FBvN8rzc2J1f6PboaNxvNllRbJOMYZkqVI58zd5dsVhGITcMMfMYpIpoP2HP46zmEQvEAONKI/1Y6vxjyHprQHXLV6J6JrMjKi4/rwMiTEiW5GsgWWO6YzbDXk/4BOpH8HfJr5SvnOiqmXXuZ2l/HBVlAL4mUkLn4liefJbBoaePk7nvERtxBJkupg5KXtC5qPsFaQNbBS7z01B91tWNvnGJYb9cLuoaU2PtGmpv/RPDqKfZ67Gx3BWbGZS4Mf+2fRhKSyYoI4zQ+/fN6reWi80xseROW2fQ==\n",
                "username": "azureuser"
              }
            ],
            "admin_username": "azureuser",
            "allow_extension_operations": true,
            "availability_set_id": "",
            "boot_diagnostics": [],
            "computer_name": "myvm2",
            "custom_data": null,
            "dedicated_host_group_id": "",
            "dedicated_host_id": "",
            "disable_password_authentication": true,
            "encryption_at_host_enabled": false,
            "eviction_policy": "",
            "extensions_time_budget": "PT1H30M",
            "id": "/subscriptions/6ee542a8-0314-472f-a628-625cfbfcc778/resourceGroups/rg-relieved-pika/providers/Microsoft.Compute/virtualMachines/myUbuntuVM2",
            "identity": [],
            "license_type": "",
            "location": "eastus",
            "max_bid_price": -1,
            "name": "myUbuntuVM2",
            "network_interface_ids": [
              "/subscriptions/6ee542a8-0314-472f-a628-625cfbfcc778/resourceGroups/rg-relieved-pika/providers/Microsoft.Network/networkInterfaces/myNIC2"
            ],
            "os_disk": [
              {
                "caching": "ReadWrite",
                "diff_disk_settings": [],
                "disk_encryption_set_id": "",
                "disk_size_gb": 30,
                "name": "myHardDisk2",
                "storage_account_type": "Premium_LRS",
                "write_accelerator_enabled": false
              }
            ],
            "patch_mode": "ImageDefault",
            "plan": [],
            "platform_fault_domain": -1,
            "priority": "Regular",
            "private_ip_address": "10.0.1.4",
            "private_ip_addresses": [
              "10.0.1.4"
            ],
            "provision_vm_agent": true,
            "proximity_placement_group_id": "",
            "public_ip_address": "52.152.148.180",
            "public_ip_addresses": [
              "52.152.148.180"
            ],
            "resource_group_name": "rg-relieved-pika",
            "secret": [],
            "secure_boot_enabled": false,
            "size": "Standard_DS1_v2",
            "source_image_id": "",
            "source_image_reference": [
              {
                "offer": "UbuntuServer",
                "publisher": "Canonical",
                "sku": "18.04-LTS",
                "version": "latest"
              }
            ],
            "tags": {},
            "timeouts": null,
            "user_data": "",
            "virtual_machine_id": "0651a0d3-accf-4754-8210-3a45cf2afef1",
            "virtual_machine_scale_set_id": "",
            "vtpm_enabled": false,
            "zone": ""
          },
          "sensitive_attributes": [],
          "private": "eyJlMmJmYjczMC1lY2FhLTExZTYtOGY4OC0zNDM2M2JjN2M0YzAiOnsiY3JlYXRlIjoyNzAwMDAwMDAwMDAwLCJkZWxldGUiOjI3MDAwMDAwMDAwMDAsInJlYWQiOjMwMDAwMDAwMDAwMCwidXBkYXRlIjoyNzAwMDAwMDAwMDAwfX0=",
          "dependencies": [
            "azurerm_network_interface.my_nic",
            "azurerm_network_interface_security_group_association.nic_ngs_connector",
            "azurerm_network_security_group.my-nsg",
            "azurerm_public_ip.my_public_ip",
            "azurerm_resource_group.rg",
            "azurerm_subnet.my_subnet",
            "azurerm_virtual_network.my_virtual_network",
            "random_pet.rg_name",
            "tls_private_key.my_ssh_key"
          ]
        }
      ]
    },
    {
      "mode": "managed",
      "type": "azurerm_network_interface",
      "name": "my_nic",
      "provider": "provider[\"registry.terraform.io/hashicorp/azurerm\"]",
      "instances": [
        {
          "index_key": 0,
          "schema_version": 0,
          "attributes": {
            "applied_dns_servers": [],
            "dns_servers": [],
            "enable_accelerated_networking": false,
            "enable_ip_forwarding": false,
            "id": "/subscriptions/6ee542a8-0314-472f-a628-625cfbfcc778/resourceGroups/rg-relieved-pika/providers/Microsoft.Network/networkInterfaces/myNIC0",
            "internal_dns_name_label": "",
            "internal_domain_name_suffix": "wavgtvd5y0uebpyfii0ahddhca.bx.internal.cloudapp.net",
            "ip_configuration": [
              {
                "gateway_load_balancer_frontend_ip_configuration_id": "",
                "name": "my_nic_configuration0",
                "primary": true,
                "private_ip_address": "10.0.1.6",
                "private_ip_address_allocation": "Dynamic",
                "private_ip_address_version": "IPv4",
                "public_ip_address_id": "/subscriptions/6ee542a8-0314-472f-a628-625cfbfcc778/resourceGroups/rg-relieved-pika/providers/Microsoft.Network/publicIPAddresses/myPublicIP0",
                "subnet_id": "/subscriptions/6ee542a8-0314-472f-a628-625cfbfcc778/resourceGroups/rg-relieved-pika/providers/Microsoft.Network/virtualNetworks/my-virtual-net/subnets/mySubnet"
              }
            ],
            "location": "eastus",
            "mac_address": "00-22-48-23-2E-99",
            "name": "myNIC0",
            "private_ip_address": "10.0.1.6",
            "private_ip_addresses": [
              "10.0.1.6"
            ],
            "resource_group_name": "rg-relieved-pika",
            "tags": {},
            "timeouts": null,
            "virtual_machine_id": "/subscriptions/6ee542a8-0314-472f-a628-625cfbfcc778/resourceGroups/rg-relieved-pika/providers/Microsoft.Compute/virtualMachines/myUbuntuVM0"
          },
          "sensitive_attributes": [],
          "private": "eyJlMmJmYjczMC1lY2FhLTExZTYtOGY4OC0zNDM2M2JjN2M0YzAiOnsiY3JlYXRlIjoxODAwMDAwMDAwMDAwLCJkZWxldGUiOjE4MDAwMDAwMDAwMDAsInJlYWQiOjMwMDAwMDAwMDAwMCwidXBkYXRlIjoxODAwMDAwMDAwMDAwfX0=",
          "dependencies": [
            "azurerm_public_ip.my_public_ip",
            "azurerm_resource_group.rg",
            "azurerm_subnet.my_subnet",
            "azurerm_virtual_network.my_virtual_network",
            "random_pet.rg_name"
          ]
        },
        {
          "index_key": 1,
          "schema_version": 0,
          "attributes": {
            "applied_dns_servers": [],
            "dns_servers": [],
            "enable_accelerated_networking": false,
            "enable_ip_forwarding": false,
            "id": "/subscriptions/6ee542a8-0314-472f-a628-625cfbfcc778/resourceGroups/rg-relieved-pika/providers/Microsoft.Network/networkInterfaces/myNIC1",
            "internal_dns_name_label": "",
            "internal_domain_name_suffix": "wavgtvd5y0uebpyfii0ahddhca.bx.internal.cloudapp.net",
            "ip_configuration": [
              {
                "gateway_load_balancer_frontend_ip_configuration_id": "",
                "name": "my_nic_configuration1",
                "primary": true,
                "private_ip_address": "10.0.1.5",
                "private_ip_address_allocation": "Dynamic",
                "private_ip_address_version": "IPv4",
                "public_ip_address_id": "/subscriptions/6ee542a8-0314-472f-a628-625cfbfcc778/resourceGroups/rg-relieved-pika/providers/Microsoft.Network/publicIPAddresses/myPublicIP1",
                "subnet_id": "/subscriptions/6ee542a8-0314-472f-a628-625cfbfcc778/resourceGroups/rg-relieved-pika/providers/Microsoft.Network/virtualNetworks/my-virtual-net/subnets/mySubnet"
              }
            ],
            "location": "eastus",
            "mac_address": "00-22-48-1C-FF-8B",
            "name": "myNIC1",
            "private_ip_address": "10.0.1.5",
            "private_ip_addresses": [
              "10.0.1.5"
            ],
            "resource_group_name": "rg-relieved-pika",
            "tags": {},
            "timeouts": null,
            "virtual_machine_id": "/subscriptions/6ee542a8-0314-472f-a628-625cfbfcc778/resourceGroups/rg-relieved-pika/providers/Microsoft.Compute/virtualMachines/myUbuntuVM1"
          },
          "sensitive_attributes": [],
          "private": "eyJlMmJmYjczMC1lY2FhLTExZTYtOGY4OC0zNDM2M2JjN2M0YzAiOnsiY3JlYXRlIjoxODAwMDAwMDAwMDAwLCJkZWxldGUiOjE4MDAwMDAwMDAwMDAsInJlYWQiOjMwMDAwMDAwMDAwMCwidXBkYXRlIjoxODAwMDAwMDAwMDAwfX0=",
          "dependencies": [
            "azurerm_public_ip.my_public_ip",
            "azurerm_resource_group.rg",
            "azurerm_subnet.my_subnet",
            "azurerm_virtual_network.my_virtual_network",
            "random_pet.rg_name"
          ]
        },
        {
          "index_key": 2,
          "schema_version": 0,
          "attributes": {
            "applied_dns_servers": [],
            "dns_servers": [],
            "enable_accelerated_networking": false,
            "enable_ip_forwarding": false,
            "id": "/subscriptions/6ee542a8-0314-472f-a628-625cfbfcc778/resourceGroups/rg-relieved-pika/providers/Microsoft.Network/networkInterfaces/myNIC2",
            "internal_dns_name_label": "",
            "internal_domain_name_suffix": "wavgtvd5y0uebpyfii0ahddhca.bx.internal.cloudapp.net",
            "ip_configuration": [
              {
                "gateway_load_balancer_frontend_ip_configuration_id": "",
                "name": "my_nic_configuration2",
                "primary": true,
                "private_ip_address": "10.0.1.4",
                "private_ip_address_allocation": "Dynamic",
                "private_ip_address_version": "IPv4",
                "public_ip_address_id": "/subscriptions/6ee542a8-0314-472f-a628-625cfbfcc778/resourceGroups/rg-relieved-pika/providers/Microsoft.Network/publicIPAddresses/myPublicIP2",
                "subnet_id": "/subscriptions/6ee542a8-0314-472f-a628-625cfbfcc778/resourceGroups/rg-relieved-pika/providers/Microsoft.Network/virtualNetworks/my-virtual-net/subnets/mySubnet"
              }
            ],
            "location": "eastus",
            "mac_address": "00-22-48-1E-21-B2",
            "name": "myNIC2",
            "private_ip_address": "10.0.1.4",
            "private_ip_addresses": [
              "10.0.1.4"
            ],
            "resource_group_name": "rg-relieved-pika",
            "tags": {},
            "timeouts": null,
            "virtual_machine_id": "/subscriptions/6ee542a8-0314-472f-a628-625cfbfcc778/resourceGroups/rg-relieved-pika/providers/Microsoft.Compute/virtualMachines/myUbuntuVM2"
          },
          "sensitive_attributes": [],
          "private": "eyJlMmJmYjczMC1lY2FhLTExZTYtOGY4OC0zNDM2M2JjN2M0YzAiOnsiY3JlYXRlIjoxODAwMDAwMDAwMDAwLCJkZWxldGUiOjE4MDAwMDAwMDAwMDAsInJlYWQiOjMwMDAwMDAwMDAwMCwidXBkYXRlIjoxODAwMDAwMDAwMDAwfX0=",
          "dependencies": [
            "azurerm_public_ip.my_public_ip",
            "azurerm_resource_group.rg",
            "azurerm_subnet.my_subnet",
            "azurerm_virtual_network.my_virtual_network",
            "random_pet.rg_name"
          ]
        }
      ]
    },
    {
      "mode": "managed",
      "type": "azurerm_network_interface_security_group_association",
      "name": "nic_ngs_connector",
      "provider": "provider[\"registry.terraform.io/hashicorp/azurerm\"]",
      "instances": [
        {
          "index_key": 0,
          "schema_version": 0,
          "attributes": {
            "id": "/subscriptions/6ee542a8-0314-472f-a628-625cfbfcc778/resourceGroups/rg-relieved-pika/providers/Microsoft.Network/networkInterfaces/myNIC0|/subscriptions/6ee542a8-0314-472f-a628-625cfbfcc778/resourceGroups/rg-relieved-pika/providers/Microsoft.Network/networkSecurityGroups/myNetworkSecurityGroup0",
            "network_interface_id": "/subscriptions/6ee542a8-0314-472f-a628-625cfbfcc778/resourceGroups/rg-relieved-pika/providers/Microsoft.Network/networkInterfaces/myNIC0",
            "network_security_group_id": "/subscriptions/6ee542a8-0314-472f-a628-625cfbfcc778/resourceGroups/rg-relieved-pika/providers/Microsoft.Network/networkSecurityGroups/myNetworkSecurityGroup0",
            "timeouts": null
          },
          "sensitive_attributes": [],
          "private": "eyJlMmJmYjczMC1lY2FhLTExZTYtOGY4OC0zNDM2M2JjN2M0YzAiOnsiY3JlYXRlIjoxODAwMDAwMDAwMDAwLCJkZWxldGUiOjE4MDAwMDAwMDAwMDAsInJlYWQiOjMwMDAwMDAwMDAwMCwidXBkYXRlIjoxODAwMDAwMDAwMDAwfX0=",
          "dependencies": [
            "azurerm_network_interface.my_nic",
            "azurerm_network_security_group.my-nsg",
            "azurerm_public_ip.my_public_ip",
            "azurerm_resource_group.rg",
            "azurerm_subnet.my_subnet",
            "azurerm_virtual_network.my_virtual_network",
            "random_pet.rg_name"
          ]
        },
        {
          "index_key": 1,
          "schema_version": 0,
          "attributes": {
            "id": "/subscriptions/6ee542a8-0314-472f-a628-625cfbfcc778/resourceGroups/rg-relieved-pika/providers/Microsoft.Network/networkInterfaces/myNIC1|/subscriptions/6ee542a8-0314-472f-a628-625cfbfcc778/resourceGroups/rg-relieved-pika/providers/Microsoft.Network/networkSecurityGroups/myNetworkSecurityGroup1",
            "network_interface_id": "/subscriptions/6ee542a8-0314-472f-a628-625cfbfcc778/resourceGroups/rg-relieved-pika/providers/Microsoft.Network/networkInterfaces/myNIC1",
            "network_security_group_id": "/subscriptions/6ee542a8-0314-472f-a628-625cfbfcc778/resourceGroups/rg-relieved-pika/providers/Microsoft.Network/networkSecurityGroups/myNetworkSecurityGroup1",
            "timeouts": null
          },
          "sensitive_attributes": [],
          "private": "eyJlMmJmYjczMC1lY2FhLTExZTYtOGY4OC0zNDM2M2JjN2M0YzAiOnsiY3JlYXRlIjoxODAwMDAwMDAwMDAwLCJkZWxldGUiOjE4MDAwMDAwMDAwMDAsInJlYWQiOjMwMDAwMDAwMDAwMCwidXBkYXRlIjoxODAwMDAwMDAwMDAwfX0=",
          "dependencies": [
            "azurerm_network_interface.my_nic",
            "azurerm_network_security_group.my-nsg",
            "azurerm_public_ip.my_public_ip",
            "azurerm_resource_group.rg",
            "azurerm_subnet.my_subnet",
            "azurerm_virtual_network.my_virtual_network",
            "random_pet.rg_name"
          ]
        },
        {
          "index_key": 2,
          "schema_version": 0,
          "attributes": {
            "id": "/subscriptions/6ee542a8-0314-472f-a628-625cfbfcc778/resourceGroups/rg-relieved-pika/providers/Microsoft.Network/networkInterfaces/myNIC2|/subscriptions/6ee542a8-0314-472f-a628-625cfbfcc778/resourceGroups/rg-relieved-pika/providers/Microsoft.Network/networkSecurityGroups/myNetworkSecurityGroup2",
            "network_interface_id": "/subscriptions/6ee542a8-0314-472f-a628-625cfbfcc778/resourceGroups/rg-relieved-pika/providers/Microsoft.Network/networkInterfaces/myNIC2",
            "network_security_group_id": "/subscriptions/6ee542a8-0314-472f-a628-625cfbfcc778/resourceGroups/rg-relieved-pika/providers/Microsoft.Network/networkSecurityGroups/myNetworkSecurityGroup2",
            "timeouts": null
          },
          "sensitive_attributes": [],
          "private": "eyJlMmJmYjczMC1lY2FhLTExZTYtOGY4OC0zNDM2M2JjN2M0YzAiOnsiY3JlYXRlIjoxODAwMDAwMDAwMDAwLCJkZWxldGUiOjE4MDAwMDAwMDAwMDAsInJlYWQiOjMwMDAwMDAwMDAwMCwidXBkYXRlIjoxODAwMDAwMDAwMDAwfX0=",
          "dependencies": [
            "azurerm_network_interface.my_nic",
            "azurerm_network_security_group.my-nsg",
            "azurerm_public_ip.my_public_ip",
            "azurerm_resource_group.rg",
            "azurerm_subnet.my_subnet",
            "azurerm_virtual_network.my_virtual_network",
            "random_pet.rg_name"
          ]
        }
      ]
    },
    {
      "mode": "managed",
      "type": "azurerm_network_security_group",
      "name": "my-nsg",
      "provider": "provider[\"registry.terraform.io/hashicorp/azurerm\"]",
      "instances": [
        {
          "index_key": 0,
          "schema_version": 0,
          "attributes": {
            "id": "/subscriptions/6ee542a8-0314-472f-a628-625cfbfcc778/resourceGroups/rg-relieved-pika/providers/Microsoft.Network/networkSecurityGroups/myNetworkSecurityGroup0",
            "location": "eastus",
            "name": "myNetworkSecurityGroup0",
            "resource_group_name": "rg-relieved-pika",
            "security_rule": [
              {
                "access": "Allow",
                "description": "",
                "destination_address_prefix": "*",
                "destination_address_prefixes": [],
                "destination_application_security_group_ids": [],
                "destination_port_range": "*",
                "destination_port_ranges": [],
                "direction": "Inbound",
                "name": "OpenICMPPort",
                "priority": 200,
                "protocol": "ICMP",
                "source_address_prefix": "*",
                "source_address_prefixes": [],
                "source_application_security_group_ids": [],
                "source_port_range": "*",
                "source_port_ranges": []
              },
              {
                "access": "Allow",
                "description": "",
                "destination_address_prefix": "*",
                "destination_address_prefixes": [],
                "destination_application_security_group_ids": [],
                "destination_port_range": "22",
                "destination_port_ranges": [],
                "direction": "Inbound",
                "name": "SSH",
                "priority": 1001,
                "protocol": "Tcp",
                "source_address_prefix": "*",
                "source_address_prefixes": [],
                "source_application_security_group_ids": [],
                "source_port_range": "*",
                "source_port_ranges": []
              },
              {
                "access": "Allow",
                "description": "",
                "destination_address_prefix": "*",
                "destination_address_prefixes": [],
                "destination_application_security_group_ids": [],
                "destination_port_range": "80",
                "destination_port_ranges": [],
                "direction": "Inbound",
                "name": "OpenHttpPort",
                "priority": 100,
                "protocol": "Tcp",
                "source_address_prefix": "*",
                "source_address_prefixes": [],
                "source_application_security_group_ids": [],
                "source_port_range": "*",
                "source_port_ranges": []
              }
            ],
            "tags": {},
            "timeouts": null
          },
          "sensitive_attributes": [],
          "private": "eyJlMmJmYjczMC1lY2FhLTExZTYtOGY4OC0zNDM2M2JjN2M0YzAiOnsiY3JlYXRlIjoxODAwMDAwMDAwMDAwLCJkZWxldGUiOjE4MDAwMDAwMDAwMDAsInJlYWQiOjMwMDAwMDAwMDAwMCwidXBkYXRlIjoxODAwMDAwMDAwMDAwfX0=",
          "dependencies": [
            "azurerm_resource_group.rg",
            "random_pet.rg_name"
          ]
        },
        {
          "index_key": 1,
          "schema_version": 0,
          "attributes": {
            "id": "/subscriptions/6ee542a8-0314-472f-a628-625cfbfcc778/resourceGroups/rg-relieved-pika/providers/Microsoft.Network/networkSecurityGroups/myNetworkSecurityGroup1",
            "location": "eastus",
            "name": "myNetworkSecurityGroup1",
            "resource_group_name": "rg-relieved-pika",
            "security_rule": [
              {
                "access": "Allow",
                "description": "",
                "destination_address_prefix": "*",
                "destination_address_prefixes": [],
                "destination_application_security_group_ids": [],
                "destination_port_range": "*",
                "destination_port_ranges": [],
                "direction": "Inbound",
                "name": "OpenICMPPort",
                "priority": 200,
                "protocol": "ICMP",
                "source_address_prefix": "*",
                "source_address_prefixes": [],
                "source_application_security_group_ids": [],
                "source_port_range": "*",
                "source_port_ranges": []
              },
              {
                "access": "Allow",
                "description": "",
                "destination_address_prefix": "*",
                "destination_address_prefixes": [],
                "destination_application_security_group_ids": [],
                "destination_port_range": "22",
                "destination_port_ranges": [],
                "direction": "Inbound",
                "name": "SSH",
                "priority": 1001,
                "protocol": "Tcp",
                "source_address_prefix": "*",
                "source_address_prefixes": [],
                "source_application_security_group_ids": [],
                "source_port_range": "*",
                "source_port_ranges": []
              },
              {
                "access": "Allow",
                "description": "",
                "destination_address_prefix": "*",
                "destination_address_prefixes": [],
                "destination_application_security_group_ids": [],
                "destination_port_range": "80",
                "destination_port_ranges": [],
                "direction": "Inbound",
                "name": "OpenHttpPort",
                "priority": 100,
                "protocol": "Tcp",
                "source_address_prefix": "*",
                "source_address_prefixes": [],
                "source_application_security_group_ids": [],
                "source_port_range": "*",
                "source_port_ranges": []
              }
            ],
            "tags": {},
            "timeouts": null
          },
          "sensitive_attributes": [],
          "private": "eyJlMmJmYjczMC1lY2FhLTExZTYtOGY4OC0zNDM2M2JjN2M0YzAiOnsiY3JlYXRlIjoxODAwMDAwMDAwMDAwLCJkZWxldGUiOjE4MDAwMDAwMDAwMDAsInJlYWQiOjMwMDAwMDAwMDAwMCwidXBkYXRlIjoxODAwMDAwMDAwMDAwfX0=",
          "dependencies": [
            "azurerm_resource_group.rg",
            "random_pet.rg_name"
          ]
        },
        {
          "index_key": 2,
          "schema_version": 0,
          "attributes": {
            "id": "/subscriptions/6ee542a8-0314-472f-a628-625cfbfcc778/resourceGroups/rg-relieved-pika/providers/Microsoft.Network/networkSecurityGroups/myNetworkSecurityGroup2",
            "location": "eastus",
            "name": "myNetworkSecurityGroup2",
            "resource_group_name": "rg-relieved-pika",
            "security_rule": [
              {
                "access": "Allow",
                "description": "",
                "destination_address_prefix": "*",
                "destination_address_prefixes": [],
                "destination_application_security_group_ids": [],
                "destination_port_range": "*",
                "destination_port_ranges": [],
                "direction": "Inbound",
                "name": "OpenICMPPort",
                "priority": 200,
                "protocol": "ICMP",
                "source_address_prefix": "*",
                "source_address_prefixes": [],
                "source_application_security_group_ids": [],
                "source_port_range": "*",
                "source_port_ranges": []
              },
              {
                "access": "Allow",
                "description": "",
                "destination_address_prefix": "*",
                "destination_address_prefixes": [],
                "destination_application_security_group_ids": [],
                "destination_port_range": "22",
                "destination_port_ranges": [],
                "direction": "Inbound",
                "name": "SSH",
                "priority": 1001,
                "protocol": "Tcp",
                "source_address_prefix": "*",
                "source_address_prefixes": [],
                "source_application_security_group_ids": [],
                "source_port_range": "*",
                "source_port_ranges": []
              },
              {
                "access": "Allow",
                "description": "",
                "destination_address_prefix": "*",
                "destination_address_prefixes": [],
                "destination_application_security_group_ids": [],
                "destination_port_range": "80",
                "destination_port_ranges": [],
                "direction": "Inbound",
                "name": "OpenHttpPort",
                "priority": 100,
                "protocol": "Tcp",
                "source_address_prefix": "*",
                "source_address_prefixes": [],
                "source_application_security_group_ids": [],
                "source_port_range": "*",
                "source_port_ranges": []
              }
            ],
            "tags": {},
            "timeouts": null
          },
          "sensitive_attributes": [],
          "private": "eyJlMmJmYjczMC1lY2FhLTExZTYtOGY4OC0zNDM2M2JjN2M0YzAiOnsiY3JlYXRlIjoxODAwMDAwMDAwMDAwLCJkZWxldGUiOjE4MDAwMDAwMDAwMDAsInJlYWQiOjMwMDAwMDAwMDAwMCwidXBkYXRlIjoxODAwMDAwMDAwMDAwfX0=",
          "dependencies": [
            "azurerm_resource_group.rg",
            "random_pet.rg_name"
          ]
        }
      ]
    },
    {
      "mode": "managed",
      "type": "azurerm_public_ip",
      "name": "my_public_ip",
      "provider": "provider[\"registry.terraform.io/hashicorp/azurerm\"]",
      "instances": [
        {
          "index_key": 0,
          "schema_version": 0,
          "attributes": {
            "allocation_method": "Dynamic",
            "availability_zone": "No-Zone",
            "domain_name_label": null,
            "fqdn": null,
            "id": "/subscriptions/6ee542a8-0314-472f-a628-625cfbfcc778/resourceGroups/rg-relieved-pika/providers/Microsoft.Network/publicIPAddresses/myPublicIP0",
            "idle_timeout_in_minutes": 4,
            "ip_address": "52.152.148.224",
            "ip_tags": {},
            "ip_version": "IPv4",
            "location": "eastus",
            "name": "myPublicIP0",
            "public_ip_prefix_id": null,
            "resource_group_name": "rg-relieved-pika",
            "reverse_fqdn": null,
            "sku": "Basic",
            "sku_tier": "Regional",
            "tags": {},
            "timeouts": null,
            "zones": []
          },
          "sensitive_attributes": [],
          "private": "eyJlMmJmYjczMC1lY2FhLTExZTYtOGY4OC0zNDM2M2JjN2M0YzAiOnsiY3JlYXRlIjoxODAwMDAwMDAwMDAwLCJkZWxldGUiOjE4MDAwMDAwMDAwMDAsInJlYWQiOjMwMDAwMDAwMDAwMCwidXBkYXRlIjoxODAwMDAwMDAwMDAwfX0=",
          "dependencies": [
            "azurerm_resource_group.rg",
            "random_pet.rg_name"
          ]
        },
        {
          "index_key": 1,
          "schema_version": 0,
          "attributes": {
            "allocation_method": "Dynamic",
            "availability_zone": "No-Zone",
            "domain_name_label": null,
            "fqdn": null,
            "id": "/subscriptions/6ee542a8-0314-472f-a628-625cfbfcc778/resourceGroups/rg-relieved-pika/providers/Microsoft.Network/publicIPAddresses/myPublicIP1",
            "idle_timeout_in_minutes": 4,
            "ip_address": "20.228.136.166",
            "ip_tags": {},
            "ip_version": "IPv4",
            "location": "eastus",
            "name": "myPublicIP1",
            "public_ip_prefix_id": null,
            "resource_group_name": "rg-relieved-pika",
            "reverse_fqdn": null,
            "sku": "Basic",
            "sku_tier": "Regional",
            "tags": {},
            "timeouts": null,
            "zones": []
          },
          "sensitive_attributes": [],
          "private": "eyJlMmJmYjczMC1lY2FhLTExZTYtOGY4OC0zNDM2M2JjN2M0YzAiOnsiY3JlYXRlIjoxODAwMDAwMDAwMDAwLCJkZWxldGUiOjE4MDAwMDAwMDAwMDAsInJlYWQiOjMwMDAwMDAwMDAwMCwidXBkYXRlIjoxODAwMDAwMDAwMDAwfX0=",
          "dependencies": [
            "azurerm_resource_group.rg",
            "random_pet.rg_name"
          ]
        },
        {
          "index_key": 2,
          "schema_version": 0,
          "attributes": {
            "allocation_method": "Dynamic",
            "availability_zone": "No-Zone",
            "domain_name_label": null,
            "fqdn": null,
            "id": "/subscriptions/6ee542a8-0314-472f-a628-625cfbfcc778/resourceGroups/rg-relieved-pika/providers/Microsoft.Network/publicIPAddresses/myPublicIP2",
            "idle_timeout_in_minutes": 4,
            "ip_address": "52.152.148.180",
            "ip_tags": {},
            "ip_version": "IPv4",
            "location": "eastus",
            "name": "myPublicIP2",
            "public_ip_prefix_id": null,
            "resource_group_name": "rg-relieved-pika",
            "reverse_fqdn": null,
            "sku": "Basic",
            "sku_tier": "Regional",
            "tags": {},
            "timeouts": null,
            "zones": []
          },
          "sensitive_attributes": [],
          "private": "eyJlMmJmYjczMC1lY2FhLTExZTYtOGY4OC0zNDM2M2JjN2M0YzAiOnsiY3JlYXRlIjoxODAwMDAwMDAwMDAwLCJkZWxldGUiOjE4MDAwMDAwMDAwMDAsInJlYWQiOjMwMDAwMDAwMDAwMCwidXBkYXRlIjoxODAwMDAwMDAwMDAwfX0=",
          "dependencies": [
            "azurerm_resource_group.rg",
            "random_pet.rg_name"
          ]
        }
      ]
    },
    {
      "mode": "managed",
      "type": "azurerm_resource_group",
      "name": "rg",
      "provider": "provider[\"registry.terraform.io/hashicorp/azurerm\"]",
      "instances": [
        {
          "schema_version": 0,
          "attributes": {
            "id": "/subscriptions/6ee542a8-0314-472f-a628-625cfbfcc778/resourceGroups/rg-relieved-pika",
            "location": "eastus",
            "name": "rg-relieved-pika",
            "tags": {},
            "timeouts": null
          },
          "sensitive_attributes": [],
          "private": "eyJlMmJmYjczMC1lY2FhLTExZTYtOGY4OC0zNDM2M2JjN2M0YzAiOnsiY3JlYXRlIjo1NDAwMDAwMDAwMDAwLCJkZWxldGUiOjU0MDAwMDAwMDAwMDAsInJlYWQiOjMwMDAwMDAwMDAwMCwidXBkYXRlIjo1NDAwMDAwMDAwMDAwfX0=",
          "dependencies": [
            "random_pet.rg_name"
          ]
        }
      ]
    },
    {
      "mode": "managed",
      "type": "azurerm_subnet",
      "name": "my_subnet",
      "provider": "provider[\"registry.terraform.io/hashicorp/azurerm\"]",
      "instances": [
        {
          "schema_version": 0,
          "attributes": {
            "address_prefix": "10.0.1.0/24",
            "address_prefixes": [
              "10.0.1.0/24"
            ],
            "delegation": [],
            "enforce_private_link_endpoint_network_policies": false,
            "enforce_private_link_service_network_policies": false,
            "id": "/subscriptions/6ee542a8-0314-472f-a628-625cfbfcc778/resourceGroups/rg-relieved-pika/providers/Microsoft.Network/virtualNetworks/my-virtual-net/subnets/mySubnet",
            "name": "mySubnet",
            "resource_group_name": "rg-relieved-pika",
            "service_endpoint_policy_ids": [],
            "service_endpoints": [],
            "timeouts": null,
            "virtual_network_name": "my-virtual-net"
          },
          "sensitive_attributes": [],
          "private": "eyJlMmJmYjczMC1lY2FhLTExZTYtOGY4OC0zNDM2M2JjN2M0YzAiOnsiY3JlYXRlIjoxODAwMDAwMDAwMDAwLCJkZWxldGUiOjE4MDAwMDAwMDAwMDAsInJlYWQiOjMwMDAwMDAwMDAwMCwidXBkYXRlIjoxODAwMDAwMDAwMDAwfX0=",
          "dependencies": [
            "azurerm_resource_group.rg",
            "azurerm_virtual_network.my_virtual_network",
            "random_pet.rg_name"
          ]
        }
      ]
    },
    {
      "mode": "managed",
      "type": "azurerm_virtual_network",
      "name": "my_virtual_network",
      "provider": "provider[\"registry.terraform.io/hashicorp/azurerm\"]",
      "instances": [
        {
          "schema_version": 0,
          "attributes": {
            "address_space": [
              "10.0.0.0/16"
            ],
            "bgp_community": "",
            "ddos_protection_plan": [],
            "dns_servers": [],
            "flow_timeout_in_minutes": 0,
            "guid": "d4692ab0-c67f-40a8-bf05-4234038c6710",
            "id": "/subscriptions/6ee542a8-0314-472f-a628-625cfbfcc778/resourceGroups/rg-relieved-pika/providers/Microsoft.Network/virtualNetworks/my-virtual-net",
            "location": "eastus",
            "name": "my-virtual-net",
            "resource_group_name": "rg-relieved-pika",
            "subnet": [
              {
                "address_prefix": "10.0.1.0/24",
                "id": "/subscriptions/6ee542a8-0314-472f-a628-625cfbfcc778/resourceGroups/rg-relieved-pika/providers/Microsoft.Network/virtualNetworks/my-virtual-net/subnets/mySubnet",
                "name": "mySubnet",
                "security_group": ""
              }
            ],
            "tags": {},
            "timeouts": null,
            "vm_protection_enabled": false
          },
          "sensitive_attributes": [],
          "private": "eyJlMmJmYjczMC1lY2FhLTExZTYtOGY4OC0zNDM2M2JjN2M0YzAiOnsiY3JlYXRlIjoxODAwMDAwMDAwMDAwLCJkZWxldGUiOjE4MDAwMDAwMDAwMDAsInJlYWQiOjMwMDAwMDAwMDAwMCwidXBkYXRlIjoxODAwMDAwMDAwMDAwfX0=",
          "dependencies": [
            "azurerm_resource_group.rg",
            "random_pet.rg_name"
          ]
        }
      ]
    },
    {
      "mode": "managed",
      "type": "local_file",
      "name": "ip",
      "provider": "provider[\"registry.terraform.io/hashicorp/local\"]",
      "instances": [
        {
          "index_key": 0,
          "schema_version": 0,
          "attributes": {
            "content": "52.152.148.224",
            "content_base64": null,
            "directory_permission": "0777",
            "file_permission": "0777",
            "filename": "./ip0.txt",
            "id": "14e2c41c042aa9cf656f94fed21910f95dafe32f",
            "sensitive_content": null,
            "source": null
          },
          "sensitive_attributes": [],
          "private": "bnVsbA==",
          "dependencies": [
            "azurerm_linux_virtual_machine.my_ubuntu_vm",
            "azurerm_network_interface.my_nic",
            "azurerm_network_interface_security_group_association.nic_ngs_connector",
            "azurerm_network_security_group.my-nsg",
            "azurerm_public_ip.my_public_ip",
            "azurerm_resource_group.rg",
            "azurerm_subnet.my_subnet",
            "azurerm_virtual_network.my_virtual_network",
            "random_pet.rg_name",
            "tls_private_key.my_ssh_key"
          ]
        },
        {
          "index_key": 1,
          "schema_version": 0,
          "attributes": {
            "content": "20.228.136.166",
            "content_base64": null,
            "directory_permission": "0777",
            "file_permission": "0777",
            "filename": "./ip1.txt",
            "id": "42c2ae2870de89f613946f05126301bf17c7dc6e",
            "sensitive_content": null,
            "source": null
          },
          "sensitive_attributes": [],
          "private": "bnVsbA==",
          "dependencies": [
            "azurerm_linux_virtual_machine.my_ubuntu_vm",
            "azurerm_network_interface.my_nic",
            "azurerm_network_interface_security_group_association.nic_ngs_connector",
            "azurerm_network_security_group.my-nsg",
            "azurerm_public_ip.my_public_ip",
            "azurerm_resource_group.rg",
            "azurerm_subnet.my_subnet",
            "azurerm_virtual_network.my_virtual_network",
            "random_pet.rg_name",
            "tls_private_key.my_ssh_key"
          ]
        },
        {
          "index_key": 2,
          "schema_version": 0,
          "attributes": {
            "content": "52.152.148.180",
            "content_base64": null,
            "directory_permission": "0777",
            "file_permission": "0777",
            "filename": "./ip2.txt",
            "id": "535f407fb80035f514012b20585c2d545fa32935",
            "sensitive_content": null,
            "source": null
          },
          "sensitive_attributes": [],
          "private": "bnVsbA==",
          "dependencies": [
            "azurerm_linux_virtual_machine.my_ubuntu_vm",
            "azurerm_network_interface.my_nic",
            "azurerm_network_interface_security_group_association.nic_ngs_connector",
            "azurerm_network_security_group.my-nsg",
            "azurerm_public_ip.my_public_ip",
            "azurerm_resource_group.rg",
            "azurerm_subnet.my_subnet",
            "azurerm_virtual_network.my_virtual_network",
            "random_pet.rg_name",
            "tls_private_key.my_ssh_key"
          ]
        }
      ]
    },
    {
      "mode": "managed",
      "type": "local_file",
      "name": "key_pem",
      "provider": "provider[\"registry.terraform.io/hashicorp/local\"]",
      "instances": [
        {
          "schema_version": 0,
          "attributes": {
            "content": "-----BEGIN OPENSSH PRIVATE KEY-----\nb3BlbnNzaC1rZXktdjEAAAAABG5vbmUAAAAEbm9uZQAAAAAAAAABAAACFwAAAAdz\nc2gtcnNhAAAAAwEAAQAAAgEAyUTHsKkAD0xWkBIKhN39Hj7+0N00qJ2AuAi6Q5Xm\nGP0+4Zy6BKWxAQTLzPvFE6Q+PdIZVyvmdbIZe9ocYEO45S0uAVj9whdarO9BSMbh\niklEm+saZ9VaHUyZf+GSyjvpmt7g52fDLrVdm5zECKH6nabpxAluCN1kK6FHXvL0\nm3MhUYD+O4dY3m077xAigqIS+fXLLCafpDORZK2llN//ixmfeGggoreBno72wFn0\nG/qTPV+84Ouw8QqPee9g3De3qcHLyGFZFvAC1j1Vu+O9uTRAUV67QNVAm0iOflHy\nE4VPsK1nP0O8MbXJEHeQZpxrEeVc+Yx5F02Gvtb/BhgIO+lzTppnBIVcOU1GkY/l\nORks4fClQM3FwzoD2IG8Y2UkYx8TdjV8hIuxQbzfK83NidX+j26GjcbzZZUWyTjG\nGZKlSOfM3eXbFYRiE3DDHzGKSKaD9hz+Os5hELxADjSiP9WOr8Y8h6a0B1y1eiei\nazIyouP68DIkxIluRrIFljumM2w15P+ATqR/B3ya+Ur5zoqpl17mdpfxwVZQC+Jl\nJC5+JYnnyWwaGnj5O57xEbcQSZLqYOSl7Quaj7BWkDWwUu89NQfdbVjb5xiWG/XC\n7qGlNj7Rpqb/0Tw6in2euxsdwVmxmUuDH/tn0YSksmKCOM0Pv3zeq3lovNMbHkTl\ntn0AAAc4DCIjyQwiI8kAAAAHc3NoLXJzYQAAAgEAyUTHsKkAD0xWkBIKhN39Hj7+\n0N00qJ2AuAi6Q5XmGP0+4Zy6BKWxAQTLzPvFE6Q+PdIZVyvmdbIZe9ocYEO45S0u\nAVj9whdarO9BSMbhiklEm+saZ9VaHUyZf+GSyjvpmt7g52fDLrVdm5zECKH6nabp\nxAluCN1kK6FHXvL0m3MhUYD+O4dY3m077xAigqIS+fXLLCafpDORZK2llN//ixmf\neGggoreBno72wFn0G/qTPV+84Ouw8QqPee9g3De3qcHLyGFZFvAC1j1Vu+O9uTRA\nUV67QNVAm0iOflHyE4VPsK1nP0O8MbXJEHeQZpxrEeVc+Yx5F02Gvtb/BhgIO+lz\nTppnBIVcOU1GkY/lORks4fClQM3FwzoD2IG8Y2UkYx8TdjV8hIuxQbzfK83NidX+\nj26GjcbzZZUWyTjGGZKlSOfM3eXbFYRiE3DDHzGKSKaD9hz+Os5hELxADjSiP9WO\nr8Y8h6a0B1y1eieiazIyouP68DIkxIluRrIFljumM2w15P+ATqR/B3ya+Ur5zoqp\nl17mdpfxwVZQC+JlJC5+JYnnyWwaGnj5O57xEbcQSZLqYOSl7Quaj7BWkDWwUu89\nNQfdbVjb5xiWG/XC7qGlNj7Rpqb/0Tw6in2euxsdwVmxmUuDH/tn0YSksmKCOM0P\nv3zeq3lovNMbHkTltn0AAAADAQABAAACADi7W3JPYMXvJaM8gpyLGjLxXNAw2gwB\nQWwegapVUWOP1q6vh7uRnMAFwxCHkziDHkw8sYnhxPc9+XLwuvjjffWTc5lLpVOV\nU6jVU9iYvrBFEMLGVU4ZVGpX0hi6066PjrxpwIlZtSmwU69uU89/IO5ZQyFP6yUy\nim7F6iE4aHx8ylJ4ArFy6DjiH3e2W5Po7WJpxxgt1ufo5T20uKyrKxPhaBL/ftt+\n0FmKQMFdWbKdQe2V096ucNSwvlqHgAzy46FFEBTuY7dUdeg/p6/rdOoEcXC+PBf9\nRFXA8PFoVczs0daiOi0aAa0daYxrt1dFFeUYesmYr/VClA2s+nuUQJVqOMS25G2i\nA+QdUaqqi+AjMVI1lPJ2y7whUa2KDIyLJjax0FywldX3nSkfrYuiJ56/mTzuQx31\naM+obN2HqRWUpGWH/cti/7Ud2h4vpyYj2qBVH6CRIv5OJBRTT+keB/yIykhFJNik\nt1RTdLjbsY4GdG4Q3FWutlgsOoG6w5UxmY3YvJ0L38tqMsXu63Rbf14NNGco6xlT\nL1MYN2hSXA32saiSHNfHc2LF6RZRBWksu7cygmgXvIkvwtBfZ2gIf+tvsPftINin\n/yA5EmqFoUbFLxj04gQ3ICLbBTYyZvBXZjbTJxH/imSa6ud8/4gFB6jdBHWPiMpn\n1YHVn3zvAuG9AAABAHKfy/rG2fx821cgahgaSgZGzMj3lyvqpLcVpzZLuQXc/WOT\n8J3YmsBjO//OYFnIkBozVYhRAXnHrRhSCZ1tZyNY9murk8jN4/X2B4lP41R0uNyz\nMiKZqPcS258HNTIqr99oLD+ZiuMzEa7EIQMQNAPYgXrlMnEvOpaAslITKSWCxGo9\nLG8WQFI8N5VxMA9tT+ZRFag8/hvStG+mq2SLBWjkdOYIs2wj2NXZKtuO7dvVwr6I\n//P/Lb50YXxTf4yzcPCQqfbvgNslppNOZo5w+QSloca/kF+SxRIKvQA7Gn/XG7ha\nVB5N2acxTd9wAecNXI43eylpSWKxWQBjHMOLWIgAAAEBANAiiKXQWS421y0Wsxxm\nfdtjUdbHYTFkWq3F4ifZUg0HBz87WPQwCT1EiE6MWyOEun/8EZ9ao4G4/r7mWMSt\neZqjKyJNLuKzVESoygqx0ZQexor+8dTY42wVlUzxOWF9KheUX7L5mm5uuX+ReD1X\nB9Jmzx6ptiyKpzrj4+NoBntkuAChiWrfGK4QRopd7RFCZ5Q2EQDVVV8ROuU5W2bs\n1p/d8hLXXZ6iLbDEc5DSEBUVfT79yM09gsmWFE5u8vE+gbvBOii+QPsoJT+2ofB0\nFOBHA2N4+mVN9WSUJTBa6u0CsELrdMzLoQ3iJgx+WRAGlxQqsSMa6SOZ5vDpjuUD\neWsAAAEBAPeOA09NLDbZd4+tmnXmGmPOufQoH9UrB8a2PQfxap881SxzZpe5ZfyF\nk1LR4Bfl7xh66SIOUzleavoaIN+LCKDwOR82Gx83cMuMYtTYJDwVi0j180uMFDK+\nFPZ9dTDrwpjJCF4iixVEADvjN3iKshoK0ZrZwzrbsULrCF2ZQJPNeFb3WVChYw6O\nkeqORBoRg3mDuEspMqbU75pkfrUWJ9pS4huKLfa/1NE+Wq+SQtxS2m6l5VIIWh97\ns3aHUovFz9IZG6UBE5qVaztFLDiO0+aeygVWMOBWRWWnEl3dbvJ+l54ySe5WivPK\n9FmpaxEMswye5gYVt28gujUL5mVxgbcAAAAAAQID\n-----END OPENSSH PRIVATE KEY-----\n",
            "content_base64": null,
            "directory_permission": "0777",
            "file_permission": "0400",
            "filename": "./key.pem",
            "id": "c7dfc50a3cb9c83a1c1204476d1030ee9d754e74",
            "sensitive_content": null,
            "source": null
          },
          "sensitive_attributes": [
            [
              {
                "type": "get_attr",
                "value": "content"
              }
            ]
          ],
          "private": "bnVsbA==",
          "dependencies": [
            "azurerm_resource_group.rg",
            "random_pet.rg_name",
            "tls_private_key.my_ssh_key"
          ]
        }
      ]
    },
    {
      "mode": "managed",
      "type": "null_resource",
      "name": "clean_up_local_files",
      "provider": "provider[\"registry.terraform.io/hashicorp/null\"]",
      "instances": [
        {
          "schema_version": 0,
          "attributes": {
            "id": "296204634277733559",
            "triggers": null
          },
          "sensitive_attributes": []
        }
      ]
    },
    {
      "mode": "managed",
      "type": "random_pet",
      "name": "rg_name",
      "provider": "provider[\"registry.terraform.io/hashicorp/random\"]",
      "instances": [
        {
          "schema_version": 0,
          "attributes": {
            "id": "rg-relieved-pika",
            "keepers": null,
            "length": 2,
            "prefix": "rg",
            "separator": "-"
          },
          "sensitive_attributes": []
        }
      ]
    },
    {
      "mode": "managed",
      "type": "tls_private_key",
      "name": "my_ssh_key",
      "provider": "provider[\"registry.terraform.io/hashicorp/tls\"]",
      "instances": [
        {
          "schema_version": 1,
          "attributes": {
            "algorithm": "RSA",
            "ecdsa_curve": "P224",
            "id": "45a9f8799a79982b1011be4d4c2d7c5d56f7adf0",
            "private_key_openssh": "-----BEGIN OPENSSH PRIVATE KEY-----\nb3BlbnNzaC1rZXktdjEAAAAABG5vbmUAAAAEbm9uZQAAAAAAAAABAAACFwAAAAdz\nc2gtcnNhAAAAAwEAAQAAAgEAyUTHsKkAD0xWkBIKhN39Hj7+0N00qJ2AuAi6Q5Xm\nGP0+4Zy6BKWxAQTLzPvFE6Q+PdIZVyvmdbIZe9ocYEO45S0uAVj9whdarO9BSMbh\niklEm+saZ9VaHUyZf+GSyjvpmt7g52fDLrVdm5zECKH6nabpxAluCN1kK6FHXvL0\nm3MhUYD+O4dY3m077xAigqIS+fXLLCafpDORZK2llN//ixmfeGggoreBno72wFn0\nG/qTPV+84Ouw8QqPee9g3De3qcHLyGFZFvAC1j1Vu+O9uTRAUV67QNVAm0iOflHy\nE4VPsK1nP0O8MbXJEHeQZpxrEeVc+Yx5F02Gvtb/BhgIO+lzTppnBIVcOU1GkY/l\nORks4fClQM3FwzoD2IG8Y2UkYx8TdjV8hIuxQbzfK83NidX+j26GjcbzZZUWyTjG\nGZKlSOfM3eXbFYRiE3DDHzGKSKaD9hz+Os5hELxADjSiP9WOr8Y8h6a0B1y1eiei\nazIyouP68DIkxIluRrIFljumM2w15P+ATqR/B3ya+Ur5zoqpl17mdpfxwVZQC+Jl\nJC5+JYnnyWwaGnj5O57xEbcQSZLqYOSl7Quaj7BWkDWwUu89NQfdbVjb5xiWG/XC\n7qGlNj7Rpqb/0Tw6in2euxsdwVmxmUuDH/tn0YSksmKCOM0Pv3zeq3lovNMbHkTl\ntn0AAAc4DCIjyQwiI8kAAAAHc3NoLXJzYQAAAgEAyUTHsKkAD0xWkBIKhN39Hj7+\n0N00qJ2AuAi6Q5XmGP0+4Zy6BKWxAQTLzPvFE6Q+PdIZVyvmdbIZe9ocYEO45S0u\nAVj9whdarO9BSMbhiklEm+saZ9VaHUyZf+GSyjvpmt7g52fDLrVdm5zECKH6nabp\nxAluCN1kK6FHXvL0m3MhUYD+O4dY3m077xAigqIS+fXLLCafpDORZK2llN//ixmf\neGggoreBno72wFn0G/qTPV+84Ouw8QqPee9g3De3qcHLyGFZFvAC1j1Vu+O9uTRA\nUV67QNVAm0iOflHyE4VPsK1nP0O8MbXJEHeQZpxrEeVc+Yx5F02Gvtb/BhgIO+lz\nTppnBIVcOU1GkY/lORks4fClQM3FwzoD2IG8Y2UkYx8TdjV8hIuxQbzfK83NidX+\nj26GjcbzZZUWyTjGGZKlSOfM3eXbFYRiE3DDHzGKSKaD9hz+Os5hELxADjSiP9WO\nr8Y8h6a0B1y1eieiazIyouP68DIkxIluRrIFljumM2w15P+ATqR/B3ya+Ur5zoqp\nl17mdpfxwVZQC+JlJC5+JYnnyWwaGnj5O57xEbcQSZLqYOSl7Quaj7BWkDWwUu89\nNQfdbVjb5xiWG/XC7qGlNj7Rpqb/0Tw6in2euxsdwVmxmUuDH/tn0YSksmKCOM0P\nv3zeq3lovNMbHkTltn0AAAADAQABAAACADi7W3JPYMXvJaM8gpyLGjLxXNAw2gwB\nQWwegapVUWOP1q6vh7uRnMAFwxCHkziDHkw8sYnhxPc9+XLwuvjjffWTc5lLpVOV\nU6jVU9iYvrBFEMLGVU4ZVGpX0hi6066PjrxpwIlZtSmwU69uU89/IO5ZQyFP6yUy\nim7F6iE4aHx8ylJ4ArFy6DjiH3e2W5Po7WJpxxgt1ufo5T20uKyrKxPhaBL/ftt+\n0FmKQMFdWbKdQe2V096ucNSwvlqHgAzy46FFEBTuY7dUdeg/p6/rdOoEcXC+PBf9\nRFXA8PFoVczs0daiOi0aAa0daYxrt1dFFeUYesmYr/VClA2s+nuUQJVqOMS25G2i\nA+QdUaqqi+AjMVI1lPJ2y7whUa2KDIyLJjax0FywldX3nSkfrYuiJ56/mTzuQx31\naM+obN2HqRWUpGWH/cti/7Ud2h4vpyYj2qBVH6CRIv5OJBRTT+keB/yIykhFJNik\nt1RTdLjbsY4GdG4Q3FWutlgsOoG6w5UxmY3YvJ0L38tqMsXu63Rbf14NNGco6xlT\nL1MYN2hSXA32saiSHNfHc2LF6RZRBWksu7cygmgXvIkvwtBfZ2gIf+tvsPftINin\n/yA5EmqFoUbFLxj04gQ3ICLbBTYyZvBXZjbTJxH/imSa6ud8/4gFB6jdBHWPiMpn\n1YHVn3zvAuG9AAABAHKfy/rG2fx821cgahgaSgZGzMj3lyvqpLcVpzZLuQXc/WOT\n8J3YmsBjO//OYFnIkBozVYhRAXnHrRhSCZ1tZyNY9murk8jN4/X2B4lP41R0uNyz\nMiKZqPcS258HNTIqr99oLD+ZiuMzEa7EIQMQNAPYgXrlMnEvOpaAslITKSWCxGo9\nLG8WQFI8N5VxMA9tT+ZRFag8/hvStG+mq2SLBWjkdOYIs2wj2NXZKtuO7dvVwr6I\n//P/Lb50YXxTf4yzcPCQqfbvgNslppNOZo5w+QSloca/kF+SxRIKvQA7Gn/XG7ha\nVB5N2acxTd9wAecNXI43eylpSWKxWQBjHMOLWIgAAAEBANAiiKXQWS421y0Wsxxm\nfdtjUdbHYTFkWq3F4ifZUg0HBz87WPQwCT1EiE6MWyOEun/8EZ9ao4G4/r7mWMSt\neZqjKyJNLuKzVESoygqx0ZQexor+8dTY42wVlUzxOWF9KheUX7L5mm5uuX+ReD1X\nB9Jmzx6ptiyKpzrj4+NoBntkuAChiWrfGK4QRopd7RFCZ5Q2EQDVVV8ROuU5W2bs\n1p/d8hLXXZ6iLbDEc5DSEBUVfT79yM09gsmWFE5u8vE+gbvBOii+QPsoJT+2ofB0\nFOBHA2N4+mVN9WSUJTBa6u0CsELrdMzLoQ3iJgx+WRAGlxQqsSMa6SOZ5vDpjuUD\neWsAAAEBAPeOA09NLDbZd4+tmnXmGmPOufQoH9UrB8a2PQfxap881SxzZpe5ZfyF\nk1LR4Bfl7xh66SIOUzleavoaIN+LCKDwOR82Gx83cMuMYtTYJDwVi0j180uMFDK+\nFPZ9dTDrwpjJCF4iixVEADvjN3iKshoK0ZrZwzrbsULrCF2ZQJPNeFb3WVChYw6O\nkeqORBoRg3mDuEspMqbU75pkfrUWJ9pS4huKLfa/1NE+Wq+SQtxS2m6l5VIIWh97\ns3aHUovFz9IZG6UBE5qVaztFLDiO0+aeygVWMOBWRWWnEl3dbvJ+l54ySe5WivPK\n9FmpaxEMswye5gYVt28gujUL5mVxgbcAAAAAAQID\n-----END OPENSSH PRIVATE KEY-----\n",
            "private_key_pem": "-----BEGIN RSA PRIVATE KEY-----\nMIIJKQIBAAKCAgEAyUTHsKkAD0xWkBIKhN39Hj7+0N00qJ2AuAi6Q5XmGP0+4Zy6\nBKWxAQTLzPvFE6Q+PdIZVyvmdbIZe9ocYEO45S0uAVj9whdarO9BSMbhiklEm+sa\nZ9VaHUyZf+GSyjvpmt7g52fDLrVdm5zECKH6nabpxAluCN1kK6FHXvL0m3MhUYD+\nO4dY3m077xAigqIS+fXLLCafpDORZK2llN//ixmfeGggoreBno72wFn0G/qTPV+8\n4Ouw8QqPee9g3De3qcHLyGFZFvAC1j1Vu+O9uTRAUV67QNVAm0iOflHyE4VPsK1n\nP0O8MbXJEHeQZpxrEeVc+Yx5F02Gvtb/BhgIO+lzTppnBIVcOU1GkY/lORks4fCl\nQM3FwzoD2IG8Y2UkYx8TdjV8hIuxQbzfK83NidX+j26GjcbzZZUWyTjGGZKlSOfM\n3eXbFYRiE3DDHzGKSKaD9hz+Os5hELxADjSiP9WOr8Y8h6a0B1y1eieiazIyouP6\n8DIkxIluRrIFljumM2w15P+ATqR/B3ya+Ur5zoqpl17mdpfxwVZQC+JlJC5+JYnn\nyWwaGnj5O57xEbcQSZLqYOSl7Quaj7BWkDWwUu89NQfdbVjb5xiWG/XC7qGlNj7R\npqb/0Tw6in2euxsdwVmxmUuDH/tn0YSksmKCOM0Pv3zeq3lovNMbHkTltn0CAwEA\nAQKCAgA4u1tyT2DF7yWjPIKcixoy8VzQMNoMAUFsHoGqVVFjj9aur4e7kZzABcMQ\nh5M4gx5MPLGJ4cT3Pfly8Lr44331k3OZS6VTlVOo1VPYmL6wRRDCxlVOGVRqV9IY\nutOuj468acCJWbUpsFOvblPPfyDuWUMhT+slMopuxeohOGh8fMpSeAKxcug44h93\ntluT6O1iaccYLdbn6OU9tLisqysT4WgS/37bftBZikDBXVmynUHtldPernDUsL5a\nh4AM8uOhRRAU7mO3VHXoP6ev63TqBHFwvjwX/URVwPDxaFXM7NHWojotGgGtHWmM\na7dXRRXlGHrJmK/1QpQNrPp7lECVajjEtuRtogPkHVGqqovgIzFSNZTydsu8IVGt\nigyMiyY2sdBcsJXV950pH62Loieev5k87kMd9WjPqGzdh6kVlKRlh/3LYv+1Hdoe\nL6cmI9qgVR+gkSL+TiQUU0/pHgf8iMpIRSTYpLdUU3S427GOBnRuENxVrrZYLDqB\nusOVMZmN2LydC9/LajLF7ut0W39eDTRnKOsZUy9TGDdoUlwN9rGokhzXx3NixekW\nUQVpLLu3MoJoF7yJL8LQX2doCH/rb7D37SDYp/8gORJqhaFGxS8Y9OIENyAi2wU2\nMmbwV2Y20ycR/4pkmurnfP+IBQeo3QR1j4jKZ9WB1Z987wLhvQKCAQEA0CKIpdBZ\nLjbXLRazHGZ922NR1sdhMWRarcXiJ9lSDQcHPztY9DAJPUSIToxbI4S6f/wRn1qj\ngbj+vuZYxK15mqMrIk0u4rNURKjKCrHRlB7Giv7x1NjjbBWVTPE5YX0qF5Rfsvma\nbm65f5F4PVcH0mbPHqm2LIqnOuPj42gGe2S4AKGJat8YrhBGil3tEUJnlDYRANVV\nXxE65TlbZuzWn93yEtddnqItsMRzkNIQFRV9Pv3IzT2CyZYUTm7y8T6Bu8E6KL5A\n+yglP7ah8HQU4EcDY3j6ZU31ZJQlMFrq7QKwQut0zMuhDeImDH5ZEAaXFCqxIxrp\nI5nm8OmO5QN5awKCAQEA944DT00sNtl3j62adeYaY8659Cgf1SsHxrY9B/FqnzzV\nLHNml7ll/IWTUtHgF+XvGHrpIg5TOV5q+hog34sIoPA5HzYbHzdwy4xi1NgkPBWL\nSPXzS4wUMr4U9n11MOvCmMkIXiKLFUQAO+M3eIqyGgrRmtnDOtuxQusIXZlAk814\nVvdZUKFjDo6R6o5EGhGDeYO4SykyptTvmmR+tRYn2lLiG4ot9r/U0T5ar5JC3FLa\nbqXlUghaH3uzdodSi8XP0hkbpQETmpVrO0UsOI7T5p7KBVYw4FZFZacSXd1u8n6X\nnjJJ7laK88r0WalrEQyzDJ7mBhW3byC6NQvmZXGBtwKCAQEAm+iCe9LqOtgRr1DF\nsoyD0oc/kqefgqQt2OXWVwtPjzqojxEhvSkOgrqHcG9rBdwy6BQmDzySJmYxTUa3\nT/yyjseTVAqFCIRUp2nYjtJMr6uuBgibllkxYpF4WT6JQSHFGgym8yZOLFL82TZa\n33gF//HLTKjMMelbA54Z4wrVcDEuNCrNCSU9E4ZVkOhy4O7hMACgFAO6A5CgkXy5\nnwviabaT0tFI67+IglVmTCFOsrx6KWlptXRSODcX1vj9OwEbpU1FB6gcfQbBgEyK\nWdhamvYW77h7uM8A9uqSQPqZ6BiPeFFwGMigSAoTfmBWzs5g9VZVgnpyEZ0DhYsu\n4xYLKQKCAQEAzOW6T5Tsl6l/kGh8hEEkbp/YwgHD90hac1q7QSvMuGg9eUE7FTHa\n/BwDSHV2KdGjCHwTIqEAuWcw3DlsJBqL1cl/PhomcLwOnCtiUhFkTGb4ljccXNdg\nkG9MIojMyuUYeCVMy72DqOJT3z292APUTkHOI4FCWiEkouKuVepWzP8wL6sjPd2W\ng6H1nFKMg5cjXxxrGarLxdJRT1UGmxPvgIFBrNG+IZG9sEMQBGnm9T2Oli6xlChd\nj9lvPRfcdtwPmzI082nks/ogezpR065ELYoYZDpm0ggWAIE8bnytLAEjtUiicKco\n84h0nxHfEImWWUfb1AV9gnlwJh/nXueIGQKCAQByn8v6xtn8fNtXIGoYGkoGRszI\n95cr6qS3Fac2S7kF3P1jk/Cd2JrAYzv/zmBZyJAaM1WIUQF5x60YUgmdbWcjWPZr\nq5PIzeP19geJT+NUdLjcszIimaj3EtufBzUyKq/faCw/mYrjMxGuxCEDEDQD2IF6\n5TJxLzqWgLJSEyklgsRqPSxvFkBSPDeVcTAPbU/mURWoPP4b0rRvpqtkiwVo5HTm\nCLNsI9jV2Srbju3b1cK+iP/z/y2+dGF8U3+Ms3DwkKn274DbJaaTTmaOcPkEpaHG\nv5BfksUSCr0AOxp/1xu4WlQeTdmnMU3fcAHnDVyON3spaUlisVkAYxzDi1iI\n-----END RSA PRIVATE KEY-----\n",
            "private_key_pem_pkcs8": "-----BEGIN PRIVATE KEY-----\nMIIJQwIBADANBgkqhkiG9w0BAQEFAASCCS0wggkpAgEAAoICAQDJRMewqQAPTFaQ\nEgqE3f0ePv7Q3TSonYC4CLpDleYY/T7hnLoEpbEBBMvM+8UTpD490hlXK+Z1shl7\n2hxgQ7jlLS4BWP3CF1qs70FIxuGKSUSb6xpn1VodTJl/4ZLKO+ma3uDnZ8MutV2b\nnMQIofqdpunECW4I3WQroUde8vSbcyFRgP47h1jebTvvECKCohL59cssJp+kM5Fk\nraWU3/+LGZ94aCCit4GejvbAWfQb+pM9X7zg67DxCo9572DcN7epwcvIYVkW8ALW\nPVW74725NEBRXrtA1UCbSI5+UfIThU+wrWc/Q7wxtckQd5BmnGsR5Vz5jHkXTYa+\n1v8GGAg76XNOmmcEhVw5TUaRj+U5GSzh8KVAzcXDOgPYgbxjZSRjHxN2NXyEi7FB\nvN8rzc2J1f6PboaNxvNllRbJOMYZkqVI58zd5dsVhGITcMMfMYpIpoP2HP46zmEQ\nvEAONKI/1Y6vxjyHprQHXLV6J6JrMjKi4/rwMiTEiW5GsgWWO6YzbDXk/4BOpH8H\nfJr5SvnOiqmXXuZ2l/HBVlAL4mUkLn4liefJbBoaePk7nvERtxBJkupg5KXtC5qP\nsFaQNbBS7z01B91tWNvnGJYb9cLuoaU2PtGmpv/RPDqKfZ67Gx3BWbGZS4Mf+2fR\nhKSyYoI4zQ+/fN6reWi80xseROW2fQIDAQABAoICADi7W3JPYMXvJaM8gpyLGjLx\nXNAw2gwBQWwegapVUWOP1q6vh7uRnMAFwxCHkziDHkw8sYnhxPc9+XLwuvjjffWT\nc5lLpVOVU6jVU9iYvrBFEMLGVU4ZVGpX0hi6066PjrxpwIlZtSmwU69uU89/IO5Z\nQyFP6yUyim7F6iE4aHx8ylJ4ArFy6DjiH3e2W5Po7WJpxxgt1ufo5T20uKyrKxPh\naBL/ftt+0FmKQMFdWbKdQe2V096ucNSwvlqHgAzy46FFEBTuY7dUdeg/p6/rdOoE\ncXC+PBf9RFXA8PFoVczs0daiOi0aAa0daYxrt1dFFeUYesmYr/VClA2s+nuUQJVq\nOMS25G2iA+QdUaqqi+AjMVI1lPJ2y7whUa2KDIyLJjax0FywldX3nSkfrYuiJ56/\nmTzuQx31aM+obN2HqRWUpGWH/cti/7Ud2h4vpyYj2qBVH6CRIv5OJBRTT+keB/yI\nykhFJNikt1RTdLjbsY4GdG4Q3FWutlgsOoG6w5UxmY3YvJ0L38tqMsXu63Rbf14N\nNGco6xlTL1MYN2hSXA32saiSHNfHc2LF6RZRBWksu7cygmgXvIkvwtBfZ2gIf+tv\nsPftINin/yA5EmqFoUbFLxj04gQ3ICLbBTYyZvBXZjbTJxH/imSa6ud8/4gFB6jd\nBHWPiMpn1YHVn3zvAuG9AoIBAQDQIoil0FkuNtctFrMcZn3bY1HWx2ExZFqtxeIn\n2VINBwc/O1j0MAk9RIhOjFsjhLp//BGfWqOBuP6+5ljErXmaoysiTS7is1REqMoK\nsdGUHsaK/vHU2ONsFZVM8TlhfSoXlF+y+Zpubrl/kXg9VwfSZs8eqbYsiqc64+Pj\naAZ7ZLgAoYlq3xiuEEaKXe0RQmeUNhEA1VVfETrlOVtm7Naf3fIS112eoi2wxHOQ\n0hAVFX0+/cjNPYLJlhRObvLxPoG7wToovkD7KCU/tqHwdBTgRwNjePplTfVklCUw\nWurtArBC63TMy6EN4iYMflkQBpcUKrEjGukjmebw6Y7lA3lrAoIBAQD3jgNPTSw2\n2XePrZp15hpjzrn0KB/VKwfGtj0H8WqfPNUsc2aXuWX8hZNS0eAX5e8YeukiDlM5\nXmr6GiDfiwig8DkfNhsfN3DLjGLU2CQ8FYtI9fNLjBQyvhT2fXUw68KYyQheIosV\nRAA74zd4irIaCtGa2cM627FC6whdmUCTzXhW91lQoWMOjpHqjkQaEYN5g7hLKTKm\n1O+aZH61FifaUuIbii32v9TRPlqvkkLcUtpupeVSCFofe7N2h1KLxc/SGRulAROa\nlWs7RSw4jtPmnsoFVjDgVkVlpxJd3W7yfpeeMknuVorzyvRZqWsRDLMMnuYGFbdv\nILo1C+ZlcYG3AoIBAQCb6IJ70uo62BGvUMWyjIPShz+Sp5+CpC3Y5dZXC0+POqiP\nESG9KQ6Cuodwb2sF3DLoFCYPPJImZjFNRrdP/LKOx5NUCoUIhFSnadiO0kyvq64G\nCJuWWTFikXhZPolBIcUaDKbzJk4sUvzZNlrfeAX/8ctMqMwx6VsDnhnjCtVwMS40\nKs0JJT0ThlWQ6HLg7uEwAKAUA7oDkKCRfLmfC+JptpPS0Ujrv4iCVWZMIU6yvHop\naWm1dFI4NxfW+P07ARulTUUHqBx9BsGATIpZ2Fqa9hbvuHu4zwD26pJA+pnoGI94\nUXAYyKBIChN+YFbOzmD1VlWCenIRnQOFiy7jFgspAoIBAQDM5bpPlOyXqX+QaHyE\nQSRun9jCAcP3SFpzWrtBK8y4aD15QTsVMdr8HANIdXYp0aMIfBMioQC5ZzDcOWwk\nGovVyX8+GiZwvA6cK2JSEWRMZviWNxxc12CQb0wiiMzK5Rh4JUzLvYOo4lPfPb3Y\nA9ROQc4jgUJaISSi4q5V6lbM/zAvqyM93ZaDofWcUoyDlyNfHGsZqsvF0lFPVQab\nE++AgUGs0b4hkb2wQxAEaeb1PY6WLrGUKF2P2W89F9x23A+bMjTzaeSz+iB7OlHT\nrkQtihhkOmbSCBYAgTxufK0sASO1SKJwpyjziHSfEd8QiZZZR9vUBX2CeXAmH+de\n54gZAoIBAHKfy/rG2fx821cgahgaSgZGzMj3lyvqpLcVpzZLuQXc/WOT8J3YmsBj\nO//OYFnIkBozVYhRAXnHrRhSCZ1tZyNY9murk8jN4/X2B4lP41R0uNyzMiKZqPcS\n258HNTIqr99oLD+ZiuMzEa7EIQMQNAPYgXrlMnEvOpaAslITKSWCxGo9LG8WQFI8\nN5VxMA9tT+ZRFag8/hvStG+mq2SLBWjkdOYIs2wj2NXZKtuO7dvVwr6I//P/Lb50\nYXxTf4yzcPCQqfbvgNslppNOZo5w+QSloca/kF+SxRIKvQA7Gn/XG7haVB5N2acx\nTd9wAecNXI43eylpSWKxWQBjHMOLWIg=\n-----END PRIVATE KEY-----\n",
            "public_key_fingerprint_md5": "8f:7b:7a:94:ee:eb:0b:a7:c5:d6:d5:40:a8:94:fc:3f",
            "public_key_fingerprint_sha256": "SHA256:xMxSxfEpePsp7qMu7q5N7Q3kFiN7nOOQje8vRLf+Ia4",
            "public_key_openssh": "ssh-rsa AAAAB3NzaC1yc2EAAAADAQABAAACAQDJRMewqQAPTFaQEgqE3f0ePv7Q3TSonYC4CLpDleYY/T7hnLoEpbEBBMvM+8UTpD490hlXK+Z1shl72hxgQ7jlLS4BWP3CF1qs70FIxuGKSUSb6xpn1VodTJl/4ZLKO+ma3uDnZ8MutV2bnMQIofqdpunECW4I3WQroUde8vSbcyFRgP47h1jebTvvECKCohL59cssJp+kM5FkraWU3/+LGZ94aCCit4GejvbAWfQb+pM9X7zg67DxCo9572DcN7epwcvIYVkW8ALWPVW74725NEBRXrtA1UCbSI5+UfIThU+wrWc/Q7wxtckQd5BmnGsR5Vz5jHkXTYa+1v8GGAg76XNOmmcEhVw5TUaRj+U5GSzh8KVAzcXDOgPYgbxjZSRjHxN2NXyEi7FBvN8rzc2J1f6PboaNxvNllRbJOMYZkqVI58zd5dsVhGITcMMfMYpIpoP2HP46zmEQvEAONKI/1Y6vxjyHprQHXLV6J6JrMjKi4/rwMiTEiW5GsgWWO6YzbDXk/4BOpH8HfJr5SvnOiqmXXuZ2l/HBVlAL4mUkLn4liefJbBoaePk7nvERtxBJkupg5KXtC5qPsFaQNbBS7z01B91tWNvnGJYb9cLuoaU2PtGmpv/RPDqKfZ67Gx3BWbGZS4Mf+2fRhKSyYoI4zQ+/fN6reWi80xseROW2fQ==\n",
            "public_key_pem": "-----BEGIN PUBLIC KEY-----\nMIICIjANBgkqhkiG9w0BAQEFAAOCAg8AMIICCgKCAgEAyUTHsKkAD0xWkBIKhN39\nHj7+0N00qJ2AuAi6Q5XmGP0+4Zy6BKWxAQTLzPvFE6Q+PdIZVyvmdbIZe9ocYEO4\n5S0uAVj9whdarO9BSMbhiklEm+saZ9VaHUyZf+GSyjvpmt7g52fDLrVdm5zECKH6\nnabpxAluCN1kK6FHXvL0m3MhUYD+O4dY3m077xAigqIS+fXLLCafpDORZK2llN//\nixmfeGggoreBno72wFn0G/qTPV+84Ouw8QqPee9g3De3qcHLyGFZFvAC1j1Vu+O9\nuTRAUV67QNVAm0iOflHyE4VPsK1nP0O8MbXJEHeQZpxrEeVc+Yx5F02Gvtb/BhgI\nO+lzTppnBIVcOU1GkY/lORks4fClQM3FwzoD2IG8Y2UkYx8TdjV8hIuxQbzfK83N\nidX+j26GjcbzZZUWyTjGGZKlSOfM3eXbFYRiE3DDHzGKSKaD9hz+Os5hELxADjSi\nP9WOr8Y8h6a0B1y1eieiazIyouP68DIkxIluRrIFljumM2w15P+ATqR/B3ya+Ur5\nzoqpl17mdpfxwVZQC+JlJC5+JYnnyWwaGnj5O57xEbcQSZLqYOSl7Quaj7BWkDWw\nUu89NQfdbVjb5xiWG/XC7qGlNj7Rpqb/0Tw6in2euxsdwVmxmUuDH/tn0YSksmKC\nOM0Pv3zeq3lovNMbHkTltn0CAwEAAQ==\n-----END PUBLIC KEY-----\n",
            "rsa_bits": 4096
          },
          "sensitive_attributes": [],
          "dependencies": [
            "azurerm_resource_group.rg",
            "random_pet.rg_name"
          ]
        }
      ]
    }
  ],
  "check_results": []
}
